
Microsoft Visual Studio Solution File, Format Version 12.00
# Visual Studio 14
VisualStudioVersion = 14.0.25123.0
MinimumVisualStudioVersion = 10.0.40219.1
Project("{FAE04EC0-301F-11D3-BF4B-00C04F79EFBC}") = "LiczbyNaSlowaNET", "LiczbyNaSlowaNET.csproj", "{2CCA5CF9-6343-48DD-B138-329A6910166D}"
EndProject
Project("{FAE04EC0-301F-11D3-BF4B-00C04F79EFBC}") = "LiczbyNaSlowaNET_Testy", "..\LiczbyNaSlowaNET_Testy\LiczbyNaSlowaNET_Testy.csproj", "{4F52E7C5-8343-4B78-A150-5783A476E4CA}"
EndProject
Global
	GlobalSection(SolutionConfigurationPlatforms) = preSolution
		Debug|Any CPU = Debug|Any CPU
		Release|Any CPU = Release|Any CPU
	EndGlobalSection
	GlobalSection(ProjectConfigurationPlatforms) = postSolution
		{2CCA5CF9-6343-48DD-B138-329A6910166D}.Debug|Any CPU.ActiveCfg = Debug|Any CPU
		{2CCA5CF9-6343-48DD-B138-329A6910166D}.Debug|Any CPU.Build.0 = Debug|Any CPU
		{2CCA5CF9-6343-48DD-B138-329A6910166D}.Debug|Any CPU.Deploy.0 = Debug|Any CPU
		{2CCA5CF9-6343-48DD-B138-329A6910166D}.Release|Any CPU.ActiveCfg = Release|Any CPU
		{2CCA5CF9-6343-48DD-B138-329A6910166D}.Release|Any CPU.Build.0 = Release|Any CPU
		{4F52E7C5-8343-4B78-A150-5783A476E4CA}.Debug|Any CPU.ActiveCfg = Debug|Any CPU
		{4F52E7C5-8343-4B78-A150-5783A476E4CA}.Debug|Any CPU.Build.0 = Debug|Any CPU
		{4F52E7C5-8343-4B78-A150-5783A476E4CA}.Release|Any CPU.ActiveCfg = Release|Any CPU
		{4F52E7C5-8343-4B78-A150-5783A476E4CA}.Release|Any CPU.Build.0 = Release|Any CPU
	EndGlobalSection
	GlobalSection(SolutionProperties) = preSolution
		HideSolutionNode = FALSE
	EndGlobalSection
EndGlobal
